
Microsoft Visual Studio Solution File, Format Version 12.00
# Visual Studio Version 17
VisualStudioVersion = 17.0.31919.166
MinimumVisualStudioVersion = 10.0.40219.1
Project("{9A19103F-16F7-4668-BE54-9A1E7A4F7556}") = "Wapi.Functions", "Wapi\Wapi.Functions.csproj", "{AAAE3AC9-9C1A-4132-B39B-E5A65DD22511}"
EndProject
Project("{9A19103F-16F7-4668-BE54-9A1E7A4F7556}") = "WordParser", "WordParser\WordParser.csproj", "{3318044E-9BC0-480D-A1F9-75F20E861C65}"
EndProject
Global
	GlobalSection(SolutionConfigurationPlatforms) = preSolution
		Debug|Any CPU = Debug|Any CPU
		Release|Any CPU = Release|Any CPU
	EndGlobalSection
	GlobalSection(ProjectConfigurationPlatforms) = postSolution
		{AAAE3AC9-9C1A-4132-B39B-E5A65DD22511}.Debug|Any CPU.ActiveCfg = Debug|Any CPU
		{AAAE3AC9-9C1A-4132-B39B-E5A65DD22511}.Debug|Any CPU.Build.0 = Debug|Any CPU
		{AAAE3AC9-9C1A-4132-B39B-E5A65DD22511}.Release|Any CPU.ActiveCfg = Release|Any CPU
		{AAAE3AC9-9C1A-4132-B39B-E5A65DD22511}.Release|Any CPU.Build.0 = Release|Any CPU
		{3318044E-9BC0-480D-A1F9-75F20E861C65}.Debug|Any CPU.ActiveCfg = Debug|Any CPU
		{3318044E-9BC0-480D-A1F9-75F20E861C65}.Debug|Any CPU.Build.0 = Debug|Any CPU
		{3318044E-9BC0-480D-A1F9-75F20E861C65}.Release|Any CPU.ActiveCfg = Release|Any CPU
		{3318044E-9BC0-480D-A1F9-75F20E861C65}.Release|Any CPU.Build.0 = Release|Any CPU
	EndGlobalSection
	GlobalSection(SolutionProperties) = preSolution
		HideSolutionNode = FALSE
	EndGlobalSection
	GlobalSection(ExtensibilityGlobals) = postSolution
		SolutionGuid = {FFD69874-46F0-4859-8C1B-F943DA3AAA0A}
	EndGlobalSection
EndGlobal
